
Microsoft Visual Studio Solution File, Format Version 12.00
# Visual Studio Version 17
VisualStudioVersion = 17.14.36221.1 d17.14
MinimumVisualStudioVersion = 10.0.40219.1
Project("{FAE04EC0-301F-11D3-BF4B-00C04F79EFBC}") = "crudopertn", "crudopertn\crudopertn.csproj", "{CFBE10EB-F978-45AD-B224-E8E50617FDD2}"
EndProject
Global
	GlobalSection(SolutionConfigurationPlatforms) = preSolution
		Debug|Any CPU = Debug|Any CPU
		Release|Any CPU = Release|Any CPU
	EndGlobalSection
	GlobalSection(ProjectConfigurationPlatforms) = postSolution
		{CFBE10EB-F978-45AD-B224-E8E50617FDD2}.Debug|Any CPU.ActiveCfg = Debug|Any CPU
		{CFBE10EB-F978-45AD-B224-E8E50617FDD2}.Debug|Any CPU.Build.0 = Debug|Any CPU
		{CFBE10EB-F978-45AD-B224-E8E50617FDD2}.Release|Any CPU.ActiveCfg = Release|Any CPU
		{CFBE10EB-F978-45AD-B224-E8E50617FDD2}.Release|Any CPU.Build.0 = Release|Any CPU
	EndGlobalSection
	GlobalSection(SolutionProperties) = preSolution
		HideSolutionNode = FALSE
	EndGlobalSection
	GlobalSection(ExtensibilityGlobals) = postSolution
		SolutionGuid = {4D1DD72A-2054-4E83-8B85-66CB8E21872E}
	EndGlobalSection
EndGlobal
